
Microsoft Visual Studio Solution File, Format Version 12.00
# Visual Studio Version 17
VisualStudioVersion = 17.5.002.0
MinimumVisualStudioVersion = 10.0.40219.1
Project("{9A19103F-16F7-4668-BE54-9A1E7A4F7556}") = "Backend", "Backend.csproj", "{D8F910E7-E575-4566-97D8-CB37EB0C811A}"
EndProject
Global
	GlobalSection(SolutionConfigurationPlatforms) = preSolution
		Debug|Any CPU = Debug|Any CPU
		Release|Any CPU = Release|Any CPU
	EndGlobalSection
	GlobalSection(ProjectConfigurationPlatforms) = postSolution
		{D8F910E7-E575-4566-97D8-CB37EB0C811A}.Debug|Any CPU.ActiveCfg = Debug|Any CPU
		{D8F910E7-E575-4566-97D8-CB37EB0C811A}.Debug|Any CPU.Build.0 = Debug|Any CPU
		{D8F910E7-E575-4566-97D8-CB37EB0C811A}.Release|Any CPU.ActiveCfg = Release|Any CPU
		{D8F910E7-E575-4566-97D8-CB37EB0C811A}.Release|Any CPU.Build.0 = Release|Any CPU
	EndGlobalSection
	GlobalSection(SolutionProperties) = preSolution
		HideSolutionNode = FALSE
	EndGlobalSection
	GlobalSection(ExtensibilityGlobals) = postSolution
		SolutionGuid = {F1A95B77-8ED8-4959-B95C-D0AECE9744A8}
	EndGlobalSection
EndGlobal
